
Microsoft Visual Studio Solution File, Format Version 12.00
# Visual Studio Version 16
VisualStudioVersion = 16.0.29911.84
MinimumVisualStudioVersion = 10.0.40219.1
Project("{FAE04EC0-301F-11D3-BF4B-00C04F79EFBC}") = "PluginPractise", "PluginPractise\PluginPractise.csproj", "{0EE49A83-B14E-448E-A0E1-2B06E21DAB23}"
EndProject
Global
	GlobalSection(SolutionConfigurationPlatforms) = preSolution
		Debug|Any CPU = Debug|Any CPU
		Release|Any CPU = Release|Any CPU
	EndGlobalSection
	GlobalSection(ProjectConfigurationPlatforms) = postSolution
		{0EE49A83-B14E-448E-A0E1-2B06E21DAB23}.Debug|Any CPU.ActiveCfg = Debug|Any CPU
		{0EE49A83-B14E-448E-A0E1-2B06E21DAB23}.Debug|Any CPU.Build.0 = Debug|Any CPU
		{0EE49A83-B14E-448E-A0E1-2B06E21DAB23}.Release|Any CPU.ActiveCfg = Release|Any CPU
		{0EE49A83-B14E-448E-A0E1-2B06E21DAB23}.Release|Any CPU.Build.0 = Release|Any CPU
	EndGlobalSection
	GlobalSection(SolutionProperties) = preSolution
		HideSolutionNode = FALSE
	EndGlobalSection
	GlobalSection(ExtensibilityGlobals) = postSolution
		SolutionGuid = {D7DD12E8-6E6E-42A7-934A-7C9E72B50E9D}
	EndGlobalSection
EndGlobal
